
Microsoft Visual Studio Solution File, Format Version 12.00
# Visual Studio Version 16
VisualStudioVersion = 16.0.29403.142
MinimumVisualStudioVersion = 10.0.40219.1
Project("{FAE04EC0-301F-11D3-BF4B-00C04F79EFBC}") = "Releaser", "Releaser.csproj", "{A6801420-CDFF-4278-881A-4FE76F751CEE}"
EndProject
Global
	GlobalSection(SolutionConfigurationPlatforms) = preSolution
		Debug|Any CPU = Debug|Any CPU
		Release|Any CPU = Release|Any CPU
	EndGlobalSection
	GlobalSection(ProjectConfigurationPlatforms) = postSolution
		{A6801420-CDFF-4278-881A-4FE76F751CEE}.Debug|Any CPU.ActiveCfg = Debug|Any CPU
		{A6801420-CDFF-4278-881A-4FE76F751CEE}.Debug|Any CPU.Build.0 = Debug|Any CPU
		{A6801420-CDFF-4278-881A-4FE76F751CEE}.Release|Any CPU.ActiveCfg = Release|Any CPU
		{A6801420-CDFF-4278-881A-4FE76F751CEE}.Release|Any CPU.Build.0 = Release|Any CPU
	EndGlobalSection
	GlobalSection(SolutionProperties) = preSolution
		HideSolutionNode = FALSE
	EndGlobalSection
	GlobalSection(ExtensibilityGlobals) = postSolution
		SolutionGuid = {455D9644-4E18-4B0D-AB91-0A32EA4BD0B5}
	EndGlobalSection
EndGlobal
